
Microsoft Visual Studio Solution File, Format Version 12.00
# Visual Studio 15
VisualStudioVersion = 15.0.28307.572
MinimumVisualStudioVersion = 10.0.40219.1
Project("{9A19103F-16F7-4668-BE54-9A1E7A4F7556}") = "AtendimentoManager", "AtendimentoManager\AtendimentoManager.csproj", "{12126160-3A65-4B59-BE86-85F1B1F06C3A}"
EndProject
Project("{FAE04EC0-301F-11D3-BF4B-00C04F79EFBC}") = "ConsoleApp", "ConsoleApp\ConsoleApp.csproj", "{3D3D86B8-60F9-47B7-B7C0-AEC4EB3353D6}"
EndProject
Global
	GlobalSection(SolutionConfigurationPlatforms) = preSolution
		Debug|Any CPU = Debug|Any CPU
		Release|Any CPU = Release|Any CPU
	EndGlobalSection
	GlobalSection(ProjectConfigurationPlatforms) = postSolution
		{12126160-3A65-4B59-BE86-85F1B1F06C3A}.Debug|Any CPU.ActiveCfg = Debug|Any CPU
		{12126160-3A65-4B59-BE86-85F1B1F06C3A}.Debug|Any CPU.Build.0 = Debug|Any CPU
		{12126160-3A65-4B59-BE86-85F1B1F06C3A}.Release|Any CPU.ActiveCfg = Release|Any CPU
		{12126160-3A65-4B59-BE86-85F1B1F06C3A}.Release|Any CPU.Build.0 = Release|Any CPU
		{3D3D86B8-60F9-47B7-B7C0-AEC4EB3353D6}.Debug|Any CPU.ActiveCfg = Debug|Any CPU
		{3D3D86B8-60F9-47B7-B7C0-AEC4EB3353D6}.Debug|Any CPU.Build.0 = Debug|Any CPU
		{3D3D86B8-60F9-47B7-B7C0-AEC4EB3353D6}.Release|Any CPU.ActiveCfg = Release|Any CPU
		{3D3D86B8-60F9-47B7-B7C0-AEC4EB3353D6}.Release|Any CPU.Build.0 = Release|Any CPU
	EndGlobalSection
	GlobalSection(SolutionProperties) = preSolution
		HideSolutionNode = FALSE
	EndGlobalSection
	GlobalSection(ExtensibilityGlobals) = postSolution
		SolutionGuid = {63CF69B3-A984-4FAF-A2AF-80CE50424B76}
	EndGlobalSection
EndGlobal
